
Microsoft Visual Studio Solution File, Format Version 12.00
# Visual Studio Version 16
VisualStudioVersion = 16.0.34601.136
MinimumVisualStudioVersion = 10.0.40219.1
Project("{FAE04EC0-301F-11D3-BF4B-00C04F79EFBC}") = "EMS", "EMS\EMS.csproj", "{08A8F011-9687-45BA-A249-640606AF2D93}"
EndProject
Global
	GlobalSection(SolutionConfigurationPlatforms) = preSolution
		Debug|Any CPU = Debug|Any CPU
		Release|Any CPU = Release|Any CPU
	EndGlobalSection
	GlobalSection(ProjectConfigurationPlatforms) = postSolution
		{08A8F011-9687-45BA-A249-640606AF2D93}.Debug|Any CPU.ActiveCfg = Debug|Any CPU
		{08A8F011-9687-45BA-A249-640606AF2D93}.Debug|Any CPU.Build.0 = Debug|Any CPU
		{08A8F011-9687-45BA-A249-640606AF2D93}.Release|Any CPU.ActiveCfg = Release|Any CPU
		{08A8F011-9687-45BA-A249-640606AF2D93}.Release|Any CPU.Build.0 = Release|Any CPU
	EndGlobalSection
	GlobalSection(SolutionProperties) = preSolution
		HideSolutionNode = FALSE
	EndGlobalSection
	GlobalSection(ExtensibilityGlobals) = postSolution
		SolutionGuid = {D497AE83-EB14-4576-B3C2-605472142E20}
	EndGlobalSection
EndGlobal
